
Microsoft Visual Studio Solution File, Format Version 12.00
# Visual Studio Version 16
VisualStudioVersion = 16.0.29728.190
MinimumVisualStudioVersion = 10.0.40219.1
Project("{FAE04EC0-301F-11D3-BF4B-00C04F79EFBC}") = "ClockAngle", "ClockAngle\ClockAngle.csproj", "{A33C6AFA-93F2-432F-8509-2A8F618C30D5}"
EndProject
Global
	GlobalSection(SolutionConfigurationPlatforms) = preSolution
		Debug|Any CPU = Debug|Any CPU
		Release|Any CPU = Release|Any CPU
	EndGlobalSection
	GlobalSection(ProjectConfigurationPlatforms) = postSolution
		{A33C6AFA-93F2-432F-8509-2A8F618C30D5}.Debug|Any CPU.ActiveCfg = Debug|Any CPU
		{A33C6AFA-93F2-432F-8509-2A8F618C30D5}.Debug|Any CPU.Build.0 = Debug|Any CPU
		{A33C6AFA-93F2-432F-8509-2A8F618C30D5}.Release|Any CPU.ActiveCfg = Release|Any CPU
		{A33C6AFA-93F2-432F-8509-2A8F618C30D5}.Release|Any CPU.Build.0 = Release|Any CPU
	EndGlobalSection
	GlobalSection(SolutionProperties) = preSolution
		HideSolutionNode = FALSE
	EndGlobalSection
	GlobalSection(ExtensibilityGlobals) = postSolution
		SolutionGuid = {09278A86-4EEB-4C67-93A7-01CB5E4D5DF7}
	EndGlobalSection
EndGlobal
